
Microsoft Visual Studio Solution File, Format Version 12.00
# Visual Studio Version 17
VisualStudioVersion = 17.4.33110.190
MinimumVisualStudioVersion = 10.0.40219.1
Project("{FAE04EC0-301F-11D3-BF4B-00C04F79EFBC}") = "NunitTestRun", "NunitTestRun\NunitTestRun.csproj", "{A1860E84-4930-4390-9392-E1E53E650DA1}"
EndProject
Global
	GlobalSection(SolutionConfigurationPlatforms) = preSolution
		Debug|Any CPU = Debug|Any CPU
		Release|Any CPU = Release|Any CPU
	EndGlobalSection
	GlobalSection(ProjectConfigurationPlatforms) = postSolution
		{A1860E84-4930-4390-9392-E1E53E650DA1}.Debug|Any CPU.ActiveCfg = Debug|Any CPU
		{A1860E84-4930-4390-9392-E1E53E650DA1}.Debug|Any CPU.Build.0 = Debug|Any CPU
		{A1860E84-4930-4390-9392-E1E53E650DA1}.Release|Any CPU.ActiveCfg = Release|Any CPU
		{A1860E84-4930-4390-9392-E1E53E650DA1}.Release|Any CPU.Build.0 = Release|Any CPU
	EndGlobalSection
	GlobalSection(SolutionProperties) = preSolution
		HideSolutionNode = FALSE
	EndGlobalSection
	GlobalSection(ExtensibilityGlobals) = postSolution
		SolutionGuid = {B394EFC6-D83D-4C40-A5FE-BBFED8D80097}
	EndGlobalSection
EndGlobal
